
Microsoft Visual Studio Solution File, Format Version 12.00
# Visual Studio Version 16
VisualStudioVersion = 16.6.30114.105
MinimumVisualStudioVersion = 10.0.40219.1
Project("{9A19103F-16F7-4668-BE54-9A1E7A4F7556}") = "R5T.L0015", "R5T.L0015\R5T.L0015.csproj", "{D8EA0770-BF9A-4028-8A1F-E3DB10FA7627}"
EndProject
Project("{2150E333-8FDC-42A3-9474-1A3956D46DE8}") = "_Dependencies", "_Dependencies", "{83E70A9E-8697-4360-86EA-9E0AC98304BA}"
EndProject
Global
	GlobalSection(SolutionConfigurationPlatforms) = preSolution
		Debug|Any CPU = Debug|Any CPU
		Debug|x64 = Debug|x64
		Debug|x86 = Debug|x86
		Release|Any CPU = Release|Any CPU
		Release|x64 = Release|x64
		Release|x86 = Release|x86
	EndGlobalSection
	GlobalSection(ProjectConfigurationPlatforms) = postSolution
		{D8EA0770-BF9A-4028-8A1F-E3DB10FA7627}.Debug|Any CPU.ActiveCfg = Debug|Any CPU
		{D8EA0770-BF9A-4028-8A1F-E3DB10FA7627}.Debug|Any CPU.Build.0 = Debug|Any CPU
		{D8EA0770-BF9A-4028-8A1F-E3DB10FA7627}.Debug|x64.ActiveCfg = Debug|Any CPU
		{D8EA0770-BF9A-4028-8A1F-E3DB10FA7627}.Debug|x64.Build.0 = Debug|Any CPU
		{D8EA0770-BF9A-4028-8A1F-E3DB10FA7627}.Debug|x86.ActiveCfg = Debug|Any CPU
		{D8EA0770-BF9A-4028-8A1F-E3DB10FA7627}.Debug|x86.Build.0 = Debug|Any CPU
		{D8EA0770-BF9A-4028-8A1F-E3DB10FA7627}.Release|Any CPU.ActiveCfg = Release|Any CPU
		{D8EA0770-BF9A-4028-8A1F-E3DB10FA7627}.Release|Any CPU.Build.0 = Release|Any CPU
		{D8EA0770-BF9A-4028-8A1F-E3DB10FA7627}.Release|x64.ActiveCfg = Release|Any CPU
		{D8EA0770-BF9A-4028-8A1F-E3DB10FA7627}.Release|x64.Build.0 = Release|Any CPU
		{D8EA0770-BF9A-4028-8A1F-E3DB10FA7627}.Release|x86.ActiveCfg = Release|Any CPU
		{D8EA0770-BF9A-4028-8A1F-E3DB10FA7627}.Release|x86.Build.0 = Release|Any CPU
	EndGlobalSection
	GlobalSection(SolutionProperties) = preSolution
		HideSolutionNode = FALSE
	EndGlobalSection
	GlobalSection(ExtensibilityGlobals) = postSolution
		SolutionGuid = {11B32722-B9B4-4324-8E0D-17134EE5BCA1}
	EndGlobalSection
EndGlobal
